// !$*UTF8*$!
{
	archiveVersion = 1;
	classes = {
	};
	objectVersion = 56;
	objects = {

/* Begin PBXBuildFile section */
		7D752A5128D59683005E2D41 /* awsomeApp.swift in Sources */ = {isa = PBXBuildFile; fileRef = 7D752A5028D59683005E2D41 /* awsomeApp.swift */; };
		7D752A5328D59683005E2D41 /* awsomeDocument.swift in Sources */ = {isa = PBXBuildFile; fileRef = 7D752A5228D59683005E2D41 /* awsomeDocument.swift */; };
		7D752A5528D59683005E2D41 /* ContentView.swift in Sources */ = {isa = PBXBuildFile; fileRef = 7D752A5428D59683005E2D41 /* ContentView.swift */; };
		7D752A5728D59684005E2D41 /* Assets.xcassets in Resources */ = {isa = PBXBuildFile; fileRef = 7D752A5628D59684005E2D41 /* Assets.xcassets */; };
		7D752A5C28D59684005E2D41 /* Preview Assets.xcassets in Resources */ = {isa = PBXBuildFile; fileRef = 7D752A5B28D59684005E2D41 /* Preview Assets.xcassets */; };
		7D752A6628D59684005E2D41 /* awsomeTests.swift in Sources */ = {isa = PBXBuildFile; fileRef = 7D752A6528D59684005E2D41 /* awsomeTests.swift */; };
		7D752A7028D59684005E2D41 /* awsomeUITests.swift in Sources */ = {isa = PBXBuildFile; fileRef = 7D752A6F28D59684005E2D41 /* awsomeUITests.swift */; };
		7D752A7228D59684005E2D41 /* awsomeUITestsLaunchTests.swift in Sources */ = {isa = PBXBuildFile; fileRef = 7D752A7128D59684005E2D41 /* awsomeUITestsLaunchTests.swift */; };
/* End PBXBuildFile section */

/* Begin PBXContainerItemProxy section */
		7D752A6228D59684005E2D41 /* PBXContainerItemProxy */ = {
			isa = PBXContainerItemProxy;
			containerPortal = 7D752A4528D59683005E2D41 /* Project object */;
			proxyType = 1;
			remoteGlobalIDString = 7D752A4C28D59683005E2D41;
			remoteInfo = awsome;
		};
		7D752A6C28D59684005E2D41 /* PBXContainerItemProxy */ = {
			isa = PBXContainerItemProxy;
			containerPortal = 7D752A4528D59683005E2D41 /* Project object */;
			proxyType = 1;
			remoteGlobalIDString = 7D752A4C28D59683005E2D41;
			remoteInfo = awsome;
		};
/* End PBXContainerItemProxy section */

/* Begin PBXFileReference section */
		7D752A4D28D59683005E2D41 /* awsome.app */ = {isa = PBXFileReference; explicitFileType = wrapper.application; includeInIndex = 0; path = awsome.app; sourceTree = BUILT_PRODUCTS_DIR; };
		7D752A5028D59683005E2D41 /* awsomeApp.swift */ = {isa = PBXFileReference; lastKnownFileType = sourcecode.swift; path = awsomeApp.swift; sourceTree = "<group>"; };
		7D752A5228D59683005E2D41 /* awsomeDocument.swift */ = {isa = PBXFileReference; lastKnownFileType = sourcecode.swift; path = awsomeDocument.swift; sourceTree = "<group>"; };
		7D752A5428D59683005E2D41 /* ContentView.swift */ = {isa = PBXFileReference; lastKnownFileType = sourcecode.swift; path = ContentView.swift; sourceTree = "<group>"; };
		7D752A5628D59684005E2D41 /* Assets.xcassets */ = {isa = PBXFileReference; lastKnownFileType = folder.assetcatalog; path = Assets.xcassets; sourceTree = "<group>"; };
		7D752A5828D59684005E2D41 /* Info.plist */ = {isa = PBXFileReference; lastKnownFileType = text.plist.xml; path = Info.plist; sourceTree = "<group>"; };
		7D752A5928D59684005E2D41 /* awsome.entitlements */ = {isa = PBXFileReference; lastKnownFileType = text.plist.entitlements; path = awsome.entitlements; sourceTree = "<group>"; };
		7D752A5B28D59684005E2D41 /* Preview Assets.xcassets */ = {isa = PBXFileReference; lastKnownFileType = folder.assetcatalog; path = "Preview Assets.xcassets"; sourceTree = "<group>"; };
		7D752A6128D59684005E2D41 /* awsomeTests.xctest */ = {isa = PBXFileReference; explicitFileType = wrapper.cfbundle; includeInIndex = 0; path = awsomeTests.xctest; sourceTree = BUILT_PRODUCTS_DIR; };
		7D752A6528D59684005E2D41 /* awsomeTests.swift */ = {isa = PBXFileReference; lastKnownFileType = sourcecode.swift; path = awsomeTests.swift; sourceTree = "<group>"; };
		7D752A6B28D59684005E2D41 /* awsomeUITests.xctest */ = {isa = PBXFileReference; explicitFileType = wrapper.cfbundle; includeInIndex = 0; path = awsomeUITests.xctest; sourceTree = BUILT_PRODUCTS_DIR; };
		7D752A6F28D59684005E2D41 /* awsomeUITests.swift */ = {isa = PBXFileReference; lastKnownFileType = sourcecode.swift; path = awsomeUITests.swift; sourceTree = "<group>"; };
		7D752A7128D59684005E2D41 /* awsomeUITestsLaunchTests.swift */ = {isa = PBXFileReference; lastKnownFileType = sourcecode.swift; path = awsomeUITestsLaunchTests.swift; sourceTree = "<group>"; };
/* End PBXFileReference section */

/* Begin PBXFrameworksBuildPhase section */
		7D752A4A28D59683005E2D41 /* Frameworks */ = {
			isa = PBXFrameworksBuildPhase;
			buildActionMask = 2147483647;
			files = (
			);
			runOnlyForDeploymentPostprocessing = 0;
		};
		7D752A5E28D59684005E2D41 /* Frameworks */ = {
			isa = PBXFrameworksBuildPhase;
			buildActionMask = 2147483647;
			files = (
			);
			runOnlyForDeploymentPostprocessing = 0;
		};
		7D752A6828D59684005E2D41 /* Frameworks */ = {
			isa = PBXFrameworksBuildPhase;
			buildActionMask = 2147483647;
			files = (
			);
			runOnlyForDeploymentPostprocessing = 0;
		};
/* End PBXFrameworksBuildPhase section */

/* Begin PBXGroup section */
		7D752A4428D59683005E2D41 = {
			isa = PBXGroup;
			children = (
				7D752A4F28D59683005E2D41 /* awsome */,
				7D752A6428D59684005E2D41 /* awsomeTests */,
				7D752A6E28D59684005E2D41 /* awsomeUITests */,
				7D752A4E28D59683005E2D41 /* Products */,
			);
			sourceTree = "<group>";
		};
		7D752A4E28D59683005E2D41 /* Products */ = {
			isa = PBXGroup;
			children = (
				7D752A4D28D59683005E2D41 /* awsome.app */,
				7D752A6128D59684005E2D41 /* awsomeTests.xctest */,
				7D752A6B28D59684005E2D41 /* awsomeUITests.xctest */,
			);
			name = Products;
			sourceTree = "<group>";
		};
		7D752A4F28D59683005E2D41 /* awsome */ = {
			isa = PBXGroup;
			children = (
				7D752A5028D59683005E2D41 /* awsomeApp.swift */,
				7D752A5228D59683005E2D41 /* awsomeDocument.swift */,
				7D752A5428D59683005E2D41 /* ContentView.swift */,
				7D752A5628D59684005E2D41 /* Assets.xcassets */,
				7D752A5828D59684005E2D41 /* Info.plist */,
				7D752A5928D59684005E2D41 /* awsome.entitlements */,
				7D752A5A28D59684005E2D41 /* Preview Content */,
			);
			path = awsome;
			sourceTree = "<group>";
		};
		7D752A5A28D59684005E2D41 /* Preview Content */ = {
			isa = PBXGroup;
			children = (
				7D752A5B28D59684005E2D41 /* Preview Assets.xcassets */,
			);
			path = "Preview Content";
			sourceTree = "<group>";
		};
		7D752A6428D59684005E2D41 /* awsomeTests */ = {
			isa = PBXGroup;
			children = (
				7D752A6528D59684005E2D41 /* awsomeTests.swift */,
			);
			path = awsomeTests;
			sourceTree = "<group>";
		};
		7D752A6E28D59684005E2D41 /* awsomeUITests */ = {
			isa = PBXGroup;
			children = (
				7D752A6F28D59684005E2D41 /* awsomeUITests.swift */,
				7D752A7128D59684005E2D41 /* awsomeUITestsLaunchTests.swift */,
			);
			path = awsomeUITests;
			sourceTree = "<group>";
		};
/* End PBXGroup section */

/* Begin PBXNativeTarget section */
		7D752A4C28D59683005E2D41 /* awsome */ = {
			isa = PBXNativeTarget;
			buildConfigurationList = 7D752A7528D59684005E2D41 /* Build configuration list for PBXNativeTarget "awsome" */;
			buildPhases = (
				7D752A4928D59683005E2D41 /* Sources */,
				7D752A4A28D59683005E2D41 /* Frameworks */,
				7D752A4B28D59683005E2D41 /* Resources */,
			);
			buildRules = (
			);
			dependencies = (
			);
			name = awsome;
			productName = awsome;
			productReference = 7D752A4D28D59683005E2D41 /* awsome.app */;
			productType = "com.apple.product-type.application";
		};
		7D752A6028D59684005E2D41 /* awsomeTests */ = {
			isa = PBXNativeTarget;
			buildConfigurationList = 7D752A7828D59684005E2D41 /* Build configuration list for PBXNativeTarget "awsomeTests" */;
			buildPhases = (
				7D752A5D28D59684005E2D41 /* Sources */,
				7D752A5E28D59684005E2D41 /* Frameworks */,
				7D752A5F28D59684005E2D41 /* Resources */,
			);
			buildRules = (
			);
			dependencies = (
				7D752A6328D59684005E2D41 /* PBXTargetDependency */,
			);
			name = awsomeTests;
			productName = awsomeTests;
			productReference = 7D752A6128D59684005E2D41 /* awsomeTests.xctest */;
			productType = "com.apple.product-type.bundle.unit-test";
		};
		7D752A6A28D59684005E2D41 /* awsomeUITests */ = {
			isa = PBXNativeTarget;
			buildConfigurationList = 7D752A7B28D59684005E2D41 /* Build configuration list for PBXNativeTarget "awsomeUITests" */;
			buildPhases = (
				7D752A6728D59684005E2D41 /* Sources */,
				7D752A6828D59684005E2D41 /* Frameworks */,
				7D752A6928D59684005E2D41 /* Resources */,
			);
			buildRules = (
			);
			dependencies = (
				7D752A6D28D59684005E2D41 /* PBXTargetDependency */,
			);
			name = awsomeUITests;
			productName = awsomeUITests;
			productReference = 7D752A6B28D59684005E2D41 /* awsomeUITests.xctest */;
			productType = "com.apple.product-type.bundle.ui-testing";
		};
/* End PBXNativeTarget section */

/* Begin PBXProject section */
		7D752A4528D59683005E2D41 /* Project object */ = {
			isa = PBXProject;
			attributes = {
				BuildIndependentTargetsInParallel = 1;
				LastSwiftUpdateCheck = 1400;
				LastUpgradeCheck = 1400;
				TargetAttributes = {
					7D752A4C28D59683005E2D41 = {
						CreatedOnToolsVersion = 14.0;
					};
					7D752A6028D59684005E2D41 = {
						CreatedOnToolsVersion = 14.0;
						TestTargetID = 7D752A4C28D59683005E2D41;
					};
					7D752A6A28D59684005E2D41 = {
						CreatedOnToolsVersion = 14.0;
						TestTargetID = 7D752A4C28D59683005E2D41;
					};
				};
			};
			buildConfigurationList = 7D752A4828D59683005E2D41 /* Build configuration list for PBXProject "awsome" */;
			compatibilityVersion = "Xcode 14.0";
			developmentRegion = en;
			hasScannedForEncodings = 0;
			knownRegions = (
				en,
				Base,
			);
			mainGroup = 7D752A4428D59683005E2D41;
			productRefGroup = 7D752A4E28D59683005E2D41 /* Products */;
			projectDirPath = "";
			projectRoot = "";
			targets = (
				7D752A4C28D59683005E2D41 /* awsome */,
				7D752A6028D59684005E2D41 /* awsomeTests */,
				7D752A6A28D59684005E2D41 /* awsomeUITests */,
			);
		};
/* End PBXProject section */

/* Begin PBXResourcesBuildPhase section */
		7D752A4B28D59683005E2D41 /* Resources */ = {
			isa = PBXResourcesBuildPhase;
			buildActionMask = 2147483647;
			files = (
				7D752A5C28D59684005E2D41 /* Preview Assets.xcassets in Resources */,
				7D752A5728D59684005E2D41 /* Assets.xcassets in Resources */,
			);
			runOnlyForDeploymentPostprocessing = 0;
		};
		7D752A5F28D59684005E2D41 /* Resources */ = {
			isa = PBXResourcesBuildPhase;
			buildActionMask = 2147483647;
			files = (
			);
			runOnlyForDeploymentPostprocessing = 0;
		};
		7D752A6928D59684005E2D41 /* Resources */ = {
			isa = PBXResourcesBuildPhase;
			buildActionMask = 2147483647;
			files = (
			);
			runOnlyForDeploymentPostprocessing = 0;
		};
/* End PBXResourcesBuildPhase section */

/* Begin PBXSourcesBuildPhase section */
		7D752A4928D59683005E2D41 /* Sources */ = {
			isa = PBXSourcesBuildPhase;
			buildActionMask = 2147483647;
			files = (
				7D752A5328D59683005E2D41 /* awsomeDocument.swift in Sources */,
				7D752A5128D59683005E2D41 /* awsomeApp.swift in Sources */,
				7D752A5528D59683005E2D41 /* ContentView.swift in Sources */,
			);
			runOnlyForDeploymentPostprocessing = 0;
		};
		7D752A5D28D59684005E2D41 /* Sources */ = {
			isa = PBXSourcesBuildPhase;
			buildActionMask = 2147483647;
			files = (
				7D752A6628D59684005E2D41 /* awsomeTests.swift in Sources */,
			);
			runOnlyForDeploymentPostprocessing = 0;
		};
		7D752A6728D59684005E2D41 /* Sources */ = {
			isa = PBXSourcesBuildPhase;
			buildActionMask = 2147483647;
			files = (
				7D752A7228D59684005E2D41 /* awsomeUITestsLaunchTests.swift in Sources */,
				7D752A7028D59684005E2D41 /* awsomeUITests.swift in Sources */,
			);
			runOnlyForDeploymentPostprocessing = 0;
		};
/* End PBXSourcesBuildPhase section */

/* Begin PBXTargetDependency section */
		7D752A6328D59684005E2D41 /* PBXTargetDependency */ = {
			isa = PBXTargetDependency;
			target = 7D752A4C28D59683005E2D41 /* awsome */;
			targetProxy = 7D752A6228D59684005E2D41 /* PBXContainerItemProxy */;
		};
		7D752A6D28D59684005E2D41 /* PBXTargetDependency */ = {
			isa = PBXTargetDependency;
			target = 7D752A4C28D59683005E2D41 /* awsome */;
			targetProxy = 7D752A6C28D59684005E2D41 /* PBXContainerItemProxy */;
		};
/* End PBXTargetDependency section */

/* Begin XCBuildConfiguration section */
		7D752A7328D59684005E2D41 /* Debug */ = {
			isa = XCBuildConfiguration;
			buildSettings = {
				ALWAYS_SEARCH_USER_PATHS = NO;
				CLANG_ANALYZER_NONNULL = YES;
				CLANG_ANALYZER_NUMBER_OBJECT_CONVERSION = YES_AGGRESSIVE;
				CLANG_CXX_LANGUAGE_STANDARD = "gnu++20";
				CLANG_ENABLE_MODULES = YES;
				CLANG_ENABLE_OBJC_ARC = YES;
				CLANG_ENABLE_OBJC_WEAK = YES;
				CLANG_WARN_BLOCK_CAPTURE_AUTORELEASING = YES;
				CLANG_WARN_BOOL_CONVERSION = YES;
				CLANG_WARN_COMMA = YES;
				CLANG_WARN_CONSTANT_CONVERSION = YES;
				CLANG_WARN_DEPRECATED_OBJC_IMPLEMENTATIONS = YES;
				CLANG_WARN_DIRECT_OBJC_ISA_USAGE = YES_ERROR;
				CLANG_WARN_DOCUMENTATION_COMMENTS = YES;
				CLANG_WARN_EMPTY_BODY = YES;
				CLANG_WARN_ENUM_CONVERSION = YES;
				CLANG_WARN_INFINITE_RECURSION = YES;
				CLANG_WARN_INT_CONVERSION = YES;
				CLANG_WARN_NON_LITERAL_NULL_CONVERSION = YES;
				CLANG_WARN_OBJC_IMPLICIT_RETAIN_SELF = YES;
				CLANG_WARN_OBJC_LITERAL_CONVERSION = YES;
				CLANG_WARN_OBJC_ROOT_CLASS = YES_ERROR;
				CLANG_WARN_QUOTED_INCLUDE_IN_FRAMEWORK_HEADER = YES;
				CLANG_WARN_RANGE_LOOP_ANALYSIS = YES;
				CLANG_WARN_STRICT_PROTOTYPES = YES;
				CLANG_WARN_SUSPICIOUS_MOVE = YES;
				CLANG_WARN_UNGUARDED_AVAILABILITY = YES_AGGRESSIVE;
				CLANG_WARN_UNREACHABLE_CODE = YES;
				CLANG_WARN__DUPLICATE_METHOD_MATCH = YES;
				COPY_PHASE_STRIP = NO;
				DEBUG_INFORMATION_FORMAT = dwarf;
				ENABLE_STRICT_OBJC_MSGSEND = YES;
				ENABLE_TESTABILITY = YES;
				GCC_C_LANGUAGE_STANDARD = gnu11;
				GCC_DYNAMIC_NO_PIC = NO;
				GCC_NO_COMMON_BLOCKS = YES;
				GCC_OPTIMIZATION_LEVEL = 0;
				GCC_PREPROCESSOR_DEFINITIONS = (
					"DEBUG=1",
					"$(inherited)",
				);
				GCC_WARN_64_TO_32_BIT_CONVERSION = YES;
				GCC_WARN_ABOUT_RETURN_TYPE = YES_ERROR;
				GCC_WARN_UNDECLARED_SELECTOR = YES;
				GCC_WARN_UNINITIALIZED_AUTOS = YES_AGGRESSIVE;
				GCC_WARN_UNUSED_FUNCTION = YES;
				GCC_WARN_UNUSED_VARIABLE = YES;
				MTL_ENABLE_DEBUG_INFO = INCLUDE_SOURCE;
				MTL_FAST_MATH = YES;
				ONLY_ACTIVE_ARCH = YES;
				SWIFT_ACTIVE_COMPILATION_CONDITIONS = DEBUG;
				SWIFT_OPTIMIZATION_LEVEL = "-Onone";
			};
			name = Debug;
		};
		7D752A7428D59684005E2D41 /* Release */ = {
			isa = XCBuildConfiguration;
			buildSettings = {
				ALWAYS_SEARCH_USER_PATHS = NO;
				CLANG_ANALYZER_NONNULL = YES;
				CLANG_ANALYZER_NUMBER_OBJECT_CONVERSION = YES_AGGRESSIVE;
				CLANG_CXX_LANGUAGE_STANDARD = "gnu++20";
				CLANG_ENABLE_MODULES = YES;
				CLANG_ENABLE_OBJC_ARC = YES;
				CLANG_ENABLE_OBJC_WEAK = YES;
				CLANG_WARN_BLOCK_CAPTURE_AUTORELEASING = YES;
				CLANG_WARN_BOOL_CONVERSION = YES;
				CLANG_WARN_COMMA = YES;
				CLANG_WARN_CONSTANT_CONVERSION = YES;
				CLANG_WARN_DEPRECATED_OBJC_IMPLEMENTATIONS = YES;
				CLANG_WARN_DIRECT_OBJC_ISA_USAGE = YES_ERROR;
				CLANG_WARN_DOCUMENTATION_COMMENTS = YES;
				CLANG_WARN_EMPTY_BODY = YES;
				CLANG_WARN_ENUM_CONVERSION = YES;
				CLANG_WARN_INFINITE_RECURSION = YES;
				CLANG_WARN_INT_CONVERSION = YES;
				CLANG_WARN_NON_LITERAL_NULL_CONVERSION = YES;
				CLANG_WARN_OBJC_IMPLICIT_RETAIN_SELF = YES;
				CLANG_WARN_OBJC_LITERAL_CONVERSION = YES;
				CLANG_WARN_OBJC_ROOT_CLASS = YES_ERROR;
				CLANG_WARN_QUOTED_INCLUDE_IN_FRAMEWORK_HEADER = YES;
				CLANG_WARN_RANGE_LOOP_ANALYSIS = YES;
				CLANG_WARN_STRICT_PROTOTYPES = YES;
				CLANG_WARN_SUSPICIOUS_MOVE = YES;
				CLANG_WARN_UNGUARDED_AVAILABILITY = YES_AGGRESSIVE;
				CLANG_WARN_UNREACHABLE_CODE = YES;
				CLANG_WARN__DUPLICATE_METHOD_MATCH = YES;
				COPY_PHASE_STRIP = NO;
				DEBUG_INFORMATION_FORMAT = "dwarf-with-dsym";
				ENABLE_NS_ASSERTIONS = NO;
				ENABLE_STRICT_OBJC_MSGSEND = YES;
				GCC_C_LANGUAGE_STANDARD = gnu11;
				GCC_NO_COMMON_BLOCKS = YES;
				GCC_WARN_64_TO_32_BIT_CONVERSION = YES;
				GCC_WARN_ABOUT_RETURN_TYPE = YES_ERROR;
				GCC_WARN_UNDECLARED_SELECTOR = YES;
				GCC_WARN_UNINITIALIZED_AUTOS = YES_AGGRESSIVE;
				GCC_WARN_UNUSED_FUNCTION = YES;
				GCC_WARN_UNUSED_VARIABLE = YES;
				MTL_ENABLE_DEBUG_INFO = NO;
				MTL_FAST_MATH = YES;
				SWIFT_COMPILATION_MODE = wholemodule;
				SWIFT_OPTIMIZATION_LEVEL = "-O";
			};
			name = Release;
		};
		7D752A7628D59684005E2D41 /* Debug */ = {
			isa = XCBuildConfiguration;
			buildSettings = {
				ASSETCATALOG_COMPILER_APPICON_NAME = AppIcon;
				ASSETCATALOG_COMPILER_GLOBAL_ACCENT_COLOR_NAME = AccentColor;
				CODE_SIGN_ENTITLEMENTS = awsome/awsome.entitlements;
				CODE_SIGN_STYLE = Automatic;
				CURRENT_PROJECT_VERSION = 1;
				DEVELOPMENT_ASSET_PATHS = "\"awsome/Preview Content\"";
				ENABLE_PREVIEWS = YES;
				GENERATE_INFOPLIST_FILE = YES;
				INFOPLIST_FILE = awsome/Info.plist;
				"INFOPLIST_KEY_UIApplicationSceneManifest_Generation[sdk=iphoneos*]" = YES;
				"INFOPLIST_KEY_UIApplicationSceneManifest_Generation[sdk=iphonesimulator*]" = YES;
				"INFOPLIST_KEY_UIApplicationSupportsIndirectInputEvents[sdk=iphoneos*]" = YES;
				"INFOPLIST_KEY_UIApplicationSupportsIndirectInputEvents[sdk=iphonesimulator*]" = YES;
				"INFOPLIST_KEY_UILaunchScreen_Generation[sdk=iphoneos*]" = YES;
				"INFOPLIST_KEY_UILaunchScreen_Generation[sdk=iphonesimulator*]" = YES;
				"INFOPLIST_KEY_UIStatusBarStyle[sdk=iphoneos*]" = UIStatusBarStyleDefault;
				"INFOPLIST_KEY_UIStatusBarStyle[sdk=iphonesimulator*]" = UIStatusBarStyleDefault;
				INFOPLIST_KEY_UISupportedInterfaceOrientations_iPad = "UIInterfaceOrientationPortrait UIInterfaceOrientationPortraitUpsideDown UIInterfaceOrientationLandscapeLeft UIInterfaceOrientationLandscapeRight";
				INFOPLIST_KEY_UISupportedInterfaceOrientations_iPhone = "UIInterfaceOrientationPortrait UIInterfaceOrientationLandscapeLeft UIInterfaceOrientationLandscapeRight";
				"INFOPLIST_KEY_UISupportsDocumentBrowser[sdk=iphoneos*]" = YES;
				"INFOPLIST_KEY_UISupportsDocumentBrowser[sdk=iphonesimulator*]" = YES;
				IPHONEOS_DEPLOYMENT_TARGET = 16.0;
				LD_RUNPATH_SEARCH_PATHS = "@executable_path/Frameworks";
				"LD_RUNPATH_SEARCH_PATHS[sdk=macosx*]" = "@executable_path/../Frameworks";
				MACOSX_DEPLOYMENT_TARGET = 12.3;
				MARKETING_VERSION = 1.0;
				PRODUCT_BUNDLE_IDENTIFIER = ice.awsome;
				PRODUCT_NAME = "$(TARGET_NAME)";
				SDKROOT = auto;
				SUPPORTED_PLATFORMS = "iphoneos iphonesimulator macosx";
				SWIFT_EMIT_LOC_STRINGS = YES;
				SWIFT_VERSION = 5.0;
				TARGETED_DEVICE_FAMILY = "1,2";
			};
			name = Debug;
		};
		7D752A7728D59684005E2D41 /* Release */ = {
			isa = XCBuildConfiguration;
			buildSettings = {
				ASSETCATALOG_COMPILER_APPICON_NAME = AppIcon;
				ASSETCATALOG_COMPILER_GLOBAL_ACCENT_COLOR_NAME = AccentColor;
				CODE_SIGN_ENTITLEMENTS = awsome/awsome.entitlements;
				CODE_SIGN_STYLE = Automatic;
				CURRENT_PROJECT_VERSION = 1;
				DEVELOPMENT_ASSET_PATHS = "\"awsome/Preview Content\"";
				ENABLE_PREVIEWS = YES;
				GENERATE_INFOPLIST_FILE = YES;
				INFOPLIST_FILE = awsome/Info.plist;
				"INFOPLIST_KEY_UIApplicationSceneManifest_Generation[sdk=iphoneos*]" = YES;
				"INFOPLIST_KEY_UIApplicationSceneManifest_Generation[sdk=iphonesimulator*]" = YES;
				"INFOPLIST_KEY_UIApplicationSupportsIndirectInputEvents[sdk=iphoneos*]" = YES;
				"INFOPLIST_KEY_UIApplicationSupportsIndirectInputEvents[sdk=iphonesimulator*]" = YES;
				"INFOPLIST_KEY_UILaunchScreen_Generation[sdk=iphoneos*]" = YES;
				"INFOPLIST_KEY_UILaunchScreen_Generation[sdk=iphonesimulator*]" = YES;
				"INFOPLIST_KEY_UIStatusBarStyle[sdk=iphoneos*]" = UIStatusBarStyleDefault;
				"INFOPLIST_KEY_UIStatusBarStyle[sdk=iphonesimulator*]" = UIStatusBarStyleDefault;
				INFOPLIST_KEY_UISupportedInterfaceOrientations_iPad = "UIInterfaceOrientationPortrait UIInterfaceOrientationPortraitUpsideDown UIInterfaceOrientationLandscapeLeft UIInterfaceOrientationLandscapeRight";
				INFOPLIST_KEY_UISupportedInterfaceOrientations_iPhone = "UIInterfaceOrientationPortrait UIInterfaceOrientationLandscapeLeft UIInterfaceOrientationLandscapeRight";
				"INFOPLIST_KEY_UISupportsDocumentBrowser[sdk=iphoneos*]" = YES;
				"INFOPLIST_KEY_UISupportsDocumentBrowser[sdk=iphonesimulator*]" = YES;
				IPHONEOS_DEPLOYMENT_TARGET = 16.0;
				LD_RUNPATH_SEARCH_PATHS = "@executable_path/Frameworks";
				"LD_RUNPATH_SEARCH_PATHS[sdk=macosx*]" = "@executable_path/../Frameworks";
				MACOSX_DEPLOYMENT_TARGET = 12.3;
				MARKETING_VERSION = 1.0;
				PRODUCT_BUNDLE_IDENTIFIER = ice.awsome;
				PRODUCT_NAME = "$(TARGET_NAME)";
				SDKROOT = auto;
				SUPPORTED_PLATFORMS = "iphoneos iphonesimulator macosx";
				SWIFT_EMIT_LOC_STRINGS = YES;
				SWIFT_VERSION = 5.0;
				TARGETED_DEVICE_FAMILY = "1,2";
			};
			name = Release;
		};
		7D752A7928D59684005E2D41 /* Debug */ = {
			isa = XCBuildConfiguration;
			buildSettings = {
				ALWAYS_EMBED_SWIFT_STANDARD_LIBRARIES = YES;
				BUNDLE_LOADER = "$(TEST_HOST)";
				CODE_SIGN_STYLE = Automatic;
				CURRENT_PROJECT_VERSION = 1;
				GENERATE_INFOPLIST_FILE = YES;
				IPHONEOS_DEPLOYMENT_TARGET = 16.0;
				MACOSX_DEPLOYMENT_TARGET = 12.3;
				MARKETING_VERSION = 1.0;
				PRODUCT_BUNDLE_IDENTIFIER = ice.awsomeTests;
				PRODUCT_NAME = "$(TARGET_NAME)";
				SDKROOT = auto;
				SUPPORTED_PLATFORMS = "iphoneos iphonesimulator macosx";
				SWIFT_EMIT_LOC_STRINGS = NO;
				SWIFT_VERSION = 5.0;
				TARGETED_DEVICE_FAMILY = "1,2";
				TEST_HOST = "$(BUILT_PRODUCTS_DIR)/awsome.app/$(BUNDLE_EXECUTABLE_FOLDER_PATH)/awsome";
			};
			name = Debug;
		};
		7D752A7A28D59684005E2D41 /* Release */ = {
			isa = XCBuildConfiguration;
			buildSettings = {
				ALWAYS_EMBED_SWIFT_STANDARD_LIBRARIES = YES;
				BUNDLE_LOADER = "$(TEST_HOST)";
				CODE_SIGN_STYLE = Automatic;
				CURRENT_PROJECT_VERSION = 1;
				GENERATE_INFOPLIST_FILE = YES;
				IPHONEOS_DEPLOYMENT_TARGET = 16.0;
				MACOSX_DEPLOYMENT_TARGET = 12.3;
				MARKETING_VERSION = 1.0;
				PRODUCT_BUNDLE_IDENTIFIER = ice.awsomeTests;
				PRODUCT_NAME = "$(TARGET_NAME)";
				SDKROOT = auto;
				SUPPORTED_PLATFORMS = "iphoneos iphonesimulator macosx";
				SWIFT_EMIT_LOC_STRINGS = NO;
				SWIFT_VERSION = 5.0;
				TARGETED_DEVICE_FAMILY = "1,2";
				TEST_HOST = "$(BUILT_PRODUCTS_DIR)/awsome.app/$(BUNDLE_EXECUTABLE_FOLDER_PATH)/awsome";
			};
			name = Release;
		};
		7D752A7C28D59684005E2D41 /* Debug */ = {
			isa = XCBuildConfiguration;
			buildSettings = {
				ALWAYS_EMBED_SWIFT_STANDARD_LIBRARIES = YES;
				CODE_SIGN_STYLE = Automatic;
				CURRENT_PROJECT_VERSION = 1;
				GENERATE_INFOPLIST_FILE = YES;
				IPHONEOS_DEPLOYMENT_TARGET = 16.0;
				MACOSX_DEPLOYMENT_TARGET = 12.3;
				MARKETING_VERSION = 1.0;
				PRODUCT_BUNDLE_IDENTIFIER = ice.awsomeUITests;
				PRODUCT_NAME = "$(TARGET_NAME)";
				SDKROOT = auto;
				SUPPORTED_PLATFORMS = "iphoneos iphonesimulator macosx";
				SWIFT_EMIT_LOC_STRINGS = NO;
				SWIFT_VERSION = 5.0;
				TARGETED_DEVICE_FAMILY = "1,2";
				TEST_TARGET_NAME = awsome;
			};
			name = Debug;
		};
		7D752A7D28D59684005E2D41 /* Release */ = {
			isa = XCBuildConfiguration;
			buildSettings = {
				ALWAYS_EMBED_SWIFT_STANDARD_LIBRARIES = YES;
				CODE_SIGN_STYLE = Automatic;
				CURRENT_PROJECT_VERSION = 1;
				GENERATE_INFOPLIST_FILE = YES;
				IPHONEOS_DEPLOYMENT_TARGET = 16.0;
				MACOSX_DEPLOYMENT_TARGET = 12.3;
				MARKETING_VERSION = 1.0;
				PRODUCT_BUNDLE_IDENTIFIER = ice.awsomeUITests;
				PRODUCT_NAME = "$(TARGET_NAME)";
				SDKROOT = auto;
				SUPPORTED_PLATFORMS = "iphoneos iphonesimulator macosx";
				SWIFT_EMIT_LOC_STRINGS = NO;
				SWIFT_VERSION = 5.0;
				TARGETED_DEVICE_FAMILY = "1,2";
				TEST_TARGET_NAME = awsome;
			};
			name = Release;
		};
/* End XCBuildConfiguration section */

/* Begin XCConfigurationList section */
		7D752A4828D59683005E2D41 /* Build configuration list for PBXProject "awsome" */ = {
			isa = XCConfigurationList;
			buildConfigurations = (
				7D752A7328D59684005E2D41 /* Debug */,
				7D752A7428D59684005E2D41 /* Release */,
			);
			defaultConfigurationIsVisible = 0;
			defaultConfigurationName = Release;
		};
		7D752A7528D59684005E2D41 /* Build configuration list for PBXNativeTarget "awsome" */ = {
			isa = XCConfigurationList;
			buildConfigurations = (
				7D752A7628D59684005E2D41 /* Debug */,
				7D752A7728D59684005E2D41 /* Release */,
			);
			defaultConfigurationIsVisible = 0;
			defaultConfigurationName = Release;
		};
		7D752A7828D59684005E2D41 /* Build configuration list for PBXNativeTarget "awsomeTests" */ = {
			isa = XCConfigurationList;
			buildConfigurations = (
				7D752A7928D59684005E2D41 /* Debug */,
				7D752A7A28D59684005E2D41 /* Release */,
			);
			defaultConfigurationIsVisible = 0;
			defaultConfigurationName = Release;
		};
		7D752A7B28D59684005E2D41 /* Build configuration list for PBXNativeTarget "awsomeUITests" */ = {
			isa = XCConfigurationList;
			buildConfigurations = (
				7D752A7C28D59684005E2D41 /* Debug */,
				7D752A7D28D59684005E2D41 /* Release */,
			);
			defaultConfigurationIsVisible = 0;
			defaultConfigurationName = Release;
		};
/* End XCConfigurationList section */
	};
	rootObject = 7D752A4528D59683005E2D41 /* Project object */;
}
